
Microsoft Visual Studio Solution File, Format Version 12.00
# Visual Studio Version 17
VisualStudioVersion = 17.14.36603.0 d17.14
MinimumVisualStudioVersion = 10.0.40219.1
Project("{FAE04EC0-301F-11D3-BF4B-00C04F79EFBC}") = "JuegoFree", "JuegoFree\JuegoFree.csproj", "{C2E0028B-F616-48DB-BA62-AEB1F3962ACF}"
EndProject
Global
	GlobalSection(SolutionConfigurationPlatforms) = preSolution
		Debug|Any CPU = Debug|Any CPU
		Release|Any CPU = Release|Any CPU
	EndGlobalSection
	GlobalSection(ProjectConfigurationPlatforms) = postSolution
		{C2E0028B-F616-48DB-BA62-AEB1F3962ACF}.Debug|Any CPU.ActiveCfg = Debug|Any CPU
		{C2E0028B-F616-48DB-BA62-AEB1F3962ACF}.Debug|Any CPU.Build.0 = Debug|Any CPU
		{C2E0028B-F616-48DB-BA62-AEB1F3962ACF}.Release|Any CPU.ActiveCfg = Release|Any CPU
		{C2E0028B-F616-48DB-BA62-AEB1F3962ACF}.Release|Any CPU.Build.0 = Release|Any CPU
	EndGlobalSection
	GlobalSection(SolutionProperties) = preSolution
		HideSolutionNode = FALSE
	EndGlobalSection
	GlobalSection(ExtensibilityGlobals) = postSolution
		SolutionGuid = {D6EC48FD-CED7-4410-A73B-4852027EA941}
	EndGlobalSection
EndGlobal
